
Microsoft Visual Studio Solution File, Format Version 12.00
# Visual Studio 15
VisualStudioVersion = 15.0.26730.3
MinimumVisualStudioVersion = 10.0.40219.1
Project("{8BC9CEB8-8B4A-11D0-8D11-00A0C91BC942}") = "FrameDX", "FrameDX\FrameDX.vcxproj", "{B1D0CCD8-825A-4BB6-90C3-248412BC3C7C}"
EndProject
Global
	GlobalSection(SolutionConfigurationPlatforms) = preSolution
		Debug|x64 = Debug|x64
		Debug|x86 = Debug|x86
		Release|x64 = Release|x64
		Release|x86 = Release|x86
	EndGlobalSection
	GlobalSection(ProjectConfigurationPlatforms) = postSolution
		{B1D0CCD8-825A-4BB6-90C3-248412BC3C7C}.Debug|x64.ActiveCfg = Debug|x64
		{B1D0CCD8-825A-4BB6-90C3-248412BC3C7C}.Debug|x64.Build.0 = Debug|x64
		{B1D0CCD8-825A-4BB6-90C3-248412BC3C7C}.Debug|x86.ActiveCfg = Debug|Win32
		{B1D0CCD8-825A-4BB6-90C3-248412BC3C7C}.Debug|x86.Build.0 = Debug|Win32
		{B1D0CCD8-825A-4BB6-90C3-248412BC3C7C}.Release|x64.ActiveCfg = Release|x64
		{B1D0CCD8-825A-4BB6-90C3-248412BC3C7C}.Release|x64.Build.0 = Release|x64
		{B1D0CCD8-825A-4BB6-90C3-248412BC3C7C}.Release|x86.ActiveCfg = Release|Win32
		{B1D0CCD8-825A-4BB6-90C3-248412BC3C7C}.Release|x86.Build.0 = Release|Win32
	EndGlobalSection
	GlobalSection(SolutionProperties) = preSolution
		HideSolutionNode = FALSE
	EndGlobalSection
	GlobalSection(ExtensibilityGlobals) = postSolution
		SolutionGuid = {204EF2DA-7CE3-4C4D-816C-09C58485D7B8}
	EndGlobalSection
EndGlobal
